
Microsoft Visual Studio Solution File, Format Version 12.00
# Visual Studio Version 16
VisualStudioVersion = 16.0.31829.152
MinimumVisualStudioVersion = 10.0.40219.1
Project("{FAE04EC0-301F-11D3-BF4B-00C04F79EFBC}") = "GringottsBankingApp.Core", "GringottsBankingApp.Core\GringottsBankingApp.Core.csproj", "{BD6A69D7-EE93-4CB3-81F7-3A60769CBEF2}"
EndProject
Project("{FAE04EC0-301F-11D3-BF4B-00C04F79EFBC}") = "GringottsBankingApp.Data", "GringottsBankingApp.Data\GringottsBankingApp.Data.csproj", "{63600629-3D3A-4ED8-9B3F-F274C2A64B83}"
EndProject
Project("{FAE04EC0-301F-11D3-BF4B-00C04F79EFBC}") = "GringottsBankingApp.Service", "GringottsBankingApp.Service\GringottsBankingApp.Service.csproj", "{376CAD6C-FAAE-4652-81C9-D5BF417B673C}"
EndProject
Project("{FAE04EC0-301F-11D3-BF4B-00C04F79EFBC}") = "GringottsBankingApp.API", "GringottsBankingApp.API\GringottsBankingApp.API.csproj", "{484AFF14-FA47-4448-8F46-2C943CFD6F50}"
EndProject
Project("{FAE04EC0-301F-11D3-BF4B-00C04F79EFBC}") = "GringottsBankingApp.Test", "GringottsBankingApp.Test\GringottsBankingApp.Test.csproj", "{55BC07DC-2832-4B55-9577-3F53EBD8619A}"
EndProject
Global
	GlobalSection(SolutionConfigurationPlatforms) = preSolution
		Debug|Any CPU = Debug|Any CPU
		Release|Any CPU = Release|Any CPU
	EndGlobalSection
	GlobalSection(ProjectConfigurationPlatforms) = postSolution
		{BD6A69D7-EE93-4CB3-81F7-3A60769CBEF2}.Debug|Any CPU.ActiveCfg = Debug|Any CPU
		{BD6A69D7-EE93-4CB3-81F7-3A60769CBEF2}.Debug|Any CPU.Build.0 = Debug|Any CPU
		{BD6A69D7-EE93-4CB3-81F7-3A60769CBEF2}.Release|Any CPU.ActiveCfg = Release|Any CPU
		{BD6A69D7-EE93-4CB3-81F7-3A60769CBEF2}.Release|Any CPU.Build.0 = Release|Any CPU
		{63600629-3D3A-4ED8-9B3F-F274C2A64B83}.Debug|Any CPU.ActiveCfg = Debug|Any CPU
		{63600629-3D3A-4ED8-9B3F-F274C2A64B83}.Debug|Any CPU.Build.0 = Debug|Any CPU
		{63600629-3D3A-4ED8-9B3F-F274C2A64B83}.Release|Any CPU.ActiveCfg = Release|Any CPU
		{63600629-3D3A-4ED8-9B3F-F274C2A64B83}.Release|Any CPU.Build.0 = Release|Any CPU
		{376CAD6C-FAAE-4652-81C9-D5BF417B673C}.Debug|Any CPU.ActiveCfg = Debug|Any CPU
		{376CAD6C-FAAE-4652-81C9-D5BF417B673C}.Debug|Any CPU.Build.0 = Debug|Any CPU
		{376CAD6C-FAAE-4652-81C9-D5BF417B673C}.Release|Any CPU.ActiveCfg = Release|Any CPU
		{376CAD6C-FAAE-4652-81C9-D5BF417B673C}.Release|Any CPU.Build.0 = Release|Any CPU
		{484AFF14-FA47-4448-8F46-2C943CFD6F50}.Debug|Any CPU.ActiveCfg = Debug|Any CPU
		{484AFF14-FA47-4448-8F46-2C943CFD6F50}.Debug|Any CPU.Build.0 = Debug|Any CPU
		{484AFF14-FA47-4448-8F46-2C943CFD6F50}.Release|Any CPU.ActiveCfg = Release|Any CPU
		{484AFF14-FA47-4448-8F46-2C943CFD6F50}.Release|Any CPU.Build.0 = Release|Any CPU
		{55BC07DC-2832-4B55-9577-3F53EBD8619A}.Debug|Any CPU.ActiveCfg = Debug|Any CPU
		{55BC07DC-2832-4B55-9577-3F53EBD8619A}.Debug|Any CPU.Build.0 = Debug|Any CPU
		{55BC07DC-2832-4B55-9577-3F53EBD8619A}.Release|Any CPU.ActiveCfg = Release|Any CPU
		{55BC07DC-2832-4B55-9577-3F53EBD8619A}.Release|Any CPU.Build.0 = Release|Any CPU
	EndGlobalSection
	GlobalSection(SolutionProperties) = preSolution
		HideSolutionNode = FALSE
	EndGlobalSection
	GlobalSection(ExtensibilityGlobals) = postSolution
		SolutionGuid = {053527C3-2C5A-4B8E-8AF2-1546160F7818}
	EndGlobalSection
EndGlobal
